
Microsoft Visual Studio Solution File, Format Version 12.00
# Visual Studio Version 16
VisualStudioVersion = 16.0.30114.105
MinimumVisualStudioVersion = 10.0.40219.1
Project("{2150E333-8FDC-42A3-9474-1A3956D46DE8}") = "src", "src", "{612890C2-C2B4-4FC8-B462-D43DD2C5BB97}"
EndProject
Project("{FAE04EC0-301F-11D3-BF4B-00C04F79EFBC}") = "HealthSubmission", "src\HealthSubmission\HealthSubmission.csproj", "{B5D4EB10-0E22-4AB8-A8AA-CF7135C2B9AF}"
EndProject
Global
	GlobalSection(SolutionConfigurationPlatforms) = preSolution
		Debug|Any CPU = Debug|Any CPU
		Release|Any CPU = Release|Any CPU
	EndGlobalSection
	GlobalSection(SolutionProperties) = preSolution
		HideSolutionNode = FALSE
	EndGlobalSection
	GlobalSection(ProjectConfigurationPlatforms) = postSolution
		{B5D4EB10-0E22-4AB8-A8AA-CF7135C2B9AF}.Debug|Any CPU.ActiveCfg = Debug|Any CPU
		{B5D4EB10-0E22-4AB8-A8AA-CF7135C2B9AF}.Debug|Any CPU.Build.0 = Debug|Any CPU
		{B5D4EB10-0E22-4AB8-A8AA-CF7135C2B9AF}.Release|Any CPU.ActiveCfg = Release|Any CPU
		{B5D4EB10-0E22-4AB8-A8AA-CF7135C2B9AF}.Release|Any CPU.Build.0 = Release|Any CPU
	EndGlobalSection
	GlobalSection(NestedProjects) = preSolution
		{B5D4EB10-0E22-4AB8-A8AA-CF7135C2B9AF} = {612890C2-C2B4-4FC8-B462-D43DD2C5BB97}
	EndGlobalSection
EndGlobal
